
Microsoft Visual Studio Solution File, Format Version 12.00
# Visual Studio 2012
Project("{FAE04EC0-301F-11D3-BF4B-00C04F79EFBC}") = "DevAV", "DevAV.csproj", "{CBE60492-C960-4F77-8BDC-B910A00BEA46}"
EndProject
Project("{2150E333-8FDC-42A3-9474-1A3956D46DE8}") = "Solution Items", "Solution Items", "{A022A0E2-813A-413C-B5DC-4CE640E420B2}"
	ProjectSection(SolutionItems) = preProject
		.nuget\NuGet.Config = .nuget\NuGet.Config
		.nuget\NuGet.exe = .nuget\NuGet.exe
		.nuget\NuGet.targets = .nuget\NuGet.targets
	EndProjectSection
EndProject
Global
	GlobalSection(SolutionConfigurationPlatforms) = preSolution
		Debug|Any CPU = Debug|Any CPU
		Release|Any CPU = Release|Any CPU
	EndGlobalSection
	GlobalSection(ProjectConfigurationPlatforms) = postSolution
		{CBE60492-C960-4F77-8BDC-B910A00BEA46}.Debug|Any CPU.ActiveCfg = Debug|Any CPU
		{CBE60492-C960-4F77-8BDC-B910A00BEA46}.Debug|Any CPU.Build.0 = Debug|Any CPU
		{CBE60492-C960-4F77-8BDC-B910A00BEA46}.Release|Any CPU.ActiveCfg = Release|Any CPU
		{CBE60492-C960-4F77-8BDC-B910A00BEA46}.Release|Any CPU.Build.0 = Release|Any CPU
	EndGlobalSection
	GlobalSection(SolutionProperties) = preSolution
		HideSolutionNode = FALSE
	EndGlobalSection
EndGlobal
